
Microsoft Visual Studio Solution File, Format Version 12.00
# Visual Studio 15
Project("{FAE04EC0-301F-11D3-BF4B-00C04F79EFBC}") = "UnityEngine.TestRunner", "UnityEngine.TestRunner.csproj", "{CEA6B878-B21A-4C22-D9F7-3B2498FEDFC5}"
EndProject
Project("{FAE04EC0-301F-11D3-BF4B-00C04F79EFBC}") = "Unity.Mathematics", "Unity.Mathematics.csproj", "{F9D63E38-B507-94BA-D9A9-5F4D43D6D0F7}"
EndProject
Project("{FAE04EC0-301F-11D3-BF4B-00C04F79EFBC}") = "Unity.2D.Animation.Triangle.Runtime", "Unity.2D.Animation.Triangle.Runtime.csproj", "{BB5D1B5A-7B24-5048-5A81-B97095BB367D}"
EndProject
Project("{FAE04EC0-301F-11D3-BF4B-00C04F79EFBC}") = "Unity.Timeline", "Unity.Timeline.csproj", "{31AD4A5B-7E4D-EE6B-5AEE-3A3324CC1717}"
EndProject
Project("{FAE04EC0-301F-11D3-BF4B-00C04F79EFBC}") = "UnityEngine.UI", "UnityEngine.UI.csproj", "{B33AC8BF-7089-99A1-0945-EB451E9A41AB}"
EndProject
Project("{FAE04EC0-301F-11D3-BF4B-00C04F79EFBC}") = "Assembly-CSharp", "Assembly-CSharp.csproj", "{7257B17B-F6B0-5A16-4330-CA5C56772F85}"
EndProject
Project("{FAE04EC0-301F-11D3-BF4B-00C04F79EFBC}") = "Unity.TextMeshPro", "Unity.TextMeshPro.csproj", "{5129043B-100F-0ACB-B047-746C09A33AE7}"
EndProject
Project("{FAE04EC0-301F-11D3-BF4B-00C04F79EFBC}") = "Unity.2D.Animation.Runtime", "Unity.2D.Animation.Runtime.csproj", "{3CDD0A9E-6331-0DC1-28AB-E4857D2DB869}"
EndProject
Project("{FAE04EC0-301F-11D3-BF4B-00C04F79EFBC}") = "Unity.2D.IK.Runtime", "Unity.2D.IK.Runtime.csproj", "{8641A4A8-DB59-D4B7-8A65-825D8CC1E92B}"
EndProject
Project("{FAE04EC0-301F-11D3-BF4B-00C04F79EFBC}") = "Unity.2D.SpriteShape.Runtime", "Unity.2D.SpriteShape.Runtime.csproj", "{2C175539-0658-7979-6F4B-540281910745}"
EndProject
Project("{FAE04EC0-301F-11D3-BF4B-00C04F79EFBC}") = "Unity.2D.PixelPerfect", "Unity.2D.PixelPerfect.csproj", "{B22A7A7D-FCED-855D-E152-A973DE774A30}"
EndProject
Project("{FAE04EC0-301F-11D3-BF4B-00C04F79EFBC}") = "Unity.2D.Common.Runtime", "Unity.2D.Common.Runtime.csproj", "{46C649C6-FD37-A163-AA8F-98D5DA8E5AD7}"
EndProject
Project("{FAE04EC0-301F-11D3-BF4B-00C04F79EFBC}") = "Unity.InternalAPIEngineBridge.001", "Unity.InternalAPIEngineBridge.001.csproj", "{A7874853-5BC1-DB3B-A79A-8C940E6EEA39}"
EndProject
Project("{FAE04EC0-301F-11D3-BF4B-00C04F79EFBC}") = "UnityEditor.TestRunner", "UnityEditor.TestRunner.csproj", "{86066BAB-4CB8-6664-B60F-C8888A0E1426}"
EndProject
Project("{FAE04EC0-301F-11D3-BF4B-00C04F79EFBC}") = "Unity.PlasticSCM.Editor", "Unity.PlasticSCM.Editor.csproj", "{05443685-C1BD-0C08-F4CC-9F8158A9AA04}"
EndProject
Project("{FAE04EC0-301F-11D3-BF4B-00C04F79EFBC}") = "UnityEditor.UI", "UnityEditor.UI.csproj", "{C8FDCCD7-CEEF-F63B-6D0F-E9BDCA62B1F6}"
EndProject
Project("{FAE04EC0-301F-11D3-BF4B-00C04F79EFBC}") = "Unity.Services.Core.Editor", "Unity.Services.Core.Editor.csproj", "{6C3A08E1-DAA1-5DCB-11CE-372C72EB22EB}"
EndProject
Project("{FAE04EC0-301F-11D3-BF4B-00C04F79EFBC}") = "Unity.Timeline.Editor", "Unity.Timeline.Editor.csproj", "{C04D0DEA-92E1-F9C0-9855-250F0E6C0E0A}"
EndProject
Project("{FAE04EC0-301F-11D3-BF4B-00C04F79EFBC}") = "Unity.VisualStudio.Editor", "Unity.VisualStudio.Editor.csproj", "{61727E3D-015B-82F7-A06F-7247BF65A8A5}"
EndProject
Project("{FAE04EC0-301F-11D3-BF4B-00C04F79EFBC}") = "Unity.2D.Psdimporter.Editor", "Unity.2D.Psdimporter.Editor.csproj", "{BD1BFC05-ED32-2265-D2CF-824FE2B1B9DA}"
EndProject
Project("{FAE04EC0-301F-11D3-BF4B-00C04F79EFBC}") = "Unity.2D.Animation.Editor", "Unity.2D.Animation.Editor.csproj", "{2A903969-E887-01B0-BA5F-35D81CA2F3EF}"
EndProject
Project("{FAE04EC0-301F-11D3-BF4B-00C04F79EFBC}") = "Unity.TextMeshPro.Editor", "Unity.TextMeshPro.Editor.csproj", "{C5D693E1-4DD2-7B18-B6A2-D0DC168F2CF0}"
EndProject
Project("{FAE04EC0-301F-11D3-BF4B-00C04F79EFBC}") = "Unity.2D.SpriteShape.Editor", "Unity.2D.SpriteShape.Editor.csproj", "{79A13E8F-863E-0D70-A233-AC0A4175A4BA}"
EndProject
Project("{FAE04EC0-301F-11D3-BF4B-00C04F79EFBC}") = "Unity.CollabProxy.Editor", "Unity.CollabProxy.Editor.csproj", "{57C508E5-AB8F-56DA-2049-F7A2CC296EBA}"
EndProject
Project("{FAE04EC0-301F-11D3-BF4B-00C04F79EFBC}") = "PsdPlugin", "PsdPlugin.csproj", "{BA0EE202-6C59-5E0C-4AFF-EFFDDBC9FCC6}"
EndProject
Project("{FAE04EC0-301F-11D3-BF4B-00C04F79EFBC}") = "Unity.2D.Path.Editor", "Unity.2D.Path.Editor.csproj", "{A647FD08-9D5E-5987-643F-DA6C3C370515}"
EndProject
Project("{FAE04EC0-301F-11D3-BF4B-00C04F79EFBC}") = "Unity.Rider.Editor", "Unity.Rider.Editor.csproj", "{2BFD1D95-BDE3-D014-FACA-FC1C0022913C}"
EndProject
Project("{FAE04EC0-301F-11D3-BF4B-00C04F79EFBC}") = "Unity.2D.IK.Editor", "Unity.2D.IK.Editor.csproj", "{CB494466-0FBD-F9BE-E68C-6F341454755A}"
EndProject
Project("{FAE04EC0-301F-11D3-BF4B-00C04F79EFBC}") = "Unity.2D.Sprite.Editor", "Unity.2D.Sprite.Editor.csproj", "{2F97C5F8-182C-5EB9-51D4-22542D360A41}"
EndProject
Project("{FAE04EC0-301F-11D3-BF4B-00C04F79EFBC}") = "Unity.2D.Tilemap.Editor", "Unity.2D.Tilemap.Editor.csproj", "{320D5A55-ECAF-4389-99DD-0AF958101F5F}"
EndProject
Project("{FAE04EC0-301F-11D3-BF4B-00C04F79EFBC}") = "Unity.2D.PixelPerfect.Editor", "Unity.2D.PixelPerfect.Editor.csproj", "{BF3742EE-549E-85BD-BD77-A91BD3BE4D8E}"
EndProject
Project("{FAE04EC0-301F-11D3-BF4B-00C04F79EFBC}") = "Unity.VSCode.Editor", "Unity.VSCode.Editor.csproj", "{F98F478F-CF35-0806-1FC2-57C018C66592}"
EndProject
Project("{FAE04EC0-301F-11D3-BF4B-00C04F79EFBC}") = "Unity.2D.Common.Editor", "Unity.2D.Common.Editor.csproj", "{A2C5BDE5-F2A0-A20D-A2DA-BC417F32B669}"
EndProject
Project("{FAE04EC0-301F-11D3-BF4B-00C04F79EFBC}") = "Unity.Mathematics.Editor", "Unity.Mathematics.Editor.csproj", "{A7769EC2-F9F8-AA91-9A69-0724A7F39490}"
EndProject
Project("{FAE04EC0-301F-11D3-BF4B-00C04F79EFBC}") = "Unity.InternalAPIEditorBridge.001", "Unity.InternalAPIEditorBridge.001.csproj", "{4E9E0626-1353-DEBA-739B-D589D4CB0EC5}"
EndProject
Project("{FAE04EC0-301F-11D3-BF4B-00C04F79EFBC}") = "UnityEngine.TestRunner", "UnityEngine.TestRunner.Player.csproj", "{F08E88C7-6959-D8F5-9092-F6A414F99CC6}"
EndProject
Project("{FAE04EC0-301F-11D3-BF4B-00C04F79EFBC}") = "Unity.Mathematics", "Unity.Mathematics.Player.csproj", "{7E4401C1-0843-EC6F-B9B1-0100D360D120}"
EndProject
Project("{FAE04EC0-301F-11D3-BF4B-00C04F79EFBC}") = "Unity.2D.Animation.Triangle.Runtime", "Unity.2D.Animation.Triangle.Runtime.Player.csproj", "{C346B092-BAA7-EDED-3214-0F811C0C1E4A}"
EndProject
Project("{FAE04EC0-301F-11D3-BF4B-00C04F79EFBC}") = "Unity.Timeline", "Unity.Timeline.Player.csproj", "{DDB32EC9-DD19-4EB5-6C1D-47DDEC640912}"
EndProject
Project("{FAE04EC0-301F-11D3-BF4B-00C04F79EFBC}") = "UnityEngine.UI", "UnityEngine.UI.Player.csproj", "{7F2E75A8-639F-C6C6-46CD-ACCAFECED406}"
EndProject
Project("{FAE04EC0-301F-11D3-BF4B-00C04F79EFBC}") = "Assembly-CSharp", "Assembly-CSharp.Player.csproj", "{08DD9420-E2D9-EA59-A2CC-268E9882E857}"
EndProject
Project("{FAE04EC0-301F-11D3-BF4B-00C04F79EFBC}") = "Unity.TextMeshPro", "Unity.TextMeshPro.Player.csproj", "{61982CCA-0BBD-7712-DAFE-0391D42EA28A}"
EndProject
Project("{FAE04EC0-301F-11D3-BF4B-00C04F79EFBC}") = "Unity.2D.Animation.Runtime", "Unity.2D.Animation.Runtime.Player.csproj", "{F7AC3ADB-F909-99C7-B69E-74B0183C47DB}"
EndProject
Project("{FAE04EC0-301F-11D3-BF4B-00C04F79EFBC}") = "Unity.2D.IK.Runtime", "Unity.2D.IK.Runtime.Player.csproj", "{793D46BB-95FE-4342-A9AE-B2A5BD026577}"
EndProject
Project("{FAE04EC0-301F-11D3-BF4B-00C04F79EFBC}") = "Unity.2D.SpriteShape.Runtime", "Unity.2D.SpriteShape.Runtime.Player.csproj", "{8FD39D66-19E5-B03D-3275-C1B95E98D62A}"
EndProject
Project("{FAE04EC0-301F-11D3-BF4B-00C04F79EFBC}") = "Unity.2D.PixelPerfect", "Unity.2D.PixelPerfect.Player.csproj", "{BAAA2825-896E-2AA5-BB3C-D5C2C50F232C}"
EndProject
Project("{FAE04EC0-301F-11D3-BF4B-00C04F79EFBC}") = "Unity.2D.Common.Runtime", "Unity.2D.Common.Runtime.Player.csproj", "{FC624132-2B2D-BB9A-62D3-BB15A3FD0426}"
EndProject
Project("{FAE04EC0-301F-11D3-BF4B-00C04F79EFBC}") = "Unity.InternalAPIEngineBridge.001", "Unity.InternalAPIEngineBridge.001.Player.csproj", "{C07B8017-FF97-A2C6-BE4E-8DED499DB8C9}"
EndProject
Global
	GlobalSection(SolutionConfigurationPlatforms) = preSolution
		Debug|Any CPU = Debug|Any CPU
		Release|Any CPU = Release|Any CPU
	EndGlobalSection
	GlobalSection(ProjectConfigurationPlatforms) = postSolution
		{CEA6B878-B21A-4C22-D9F7-3B2498FEDFC5}.Debug|Any CPU.ActiveCfg = Debug|Any CPU
		{CEA6B878-B21A-4C22-D9F7-3B2498FEDFC5}.Debug|Any CPU.Build.0 = Debug|Any CPU
		{CEA6B878-B21A-4C22-D9F7-3B2498FEDFC5}.Release|Any CPU.ActiveCfg = Release|Any CPU
		{CEA6B878-B21A-4C22-D9F7-3B2498FEDFC5}.Release|Any CPU.Build.0 = Release|Any CPU
		{F9D63E38-B507-94BA-D9A9-5F4D43D6D0F7}.Debug|Any CPU.ActiveCfg = Debug|Any CPU
		{F9D63E38-B507-94BA-D9A9-5F4D43D6D0F7}.Debug|Any CPU.Build.0 = Debug|Any CPU
		{F9D63E38-B507-94BA-D9A9-5F4D43D6D0F7}.Release|Any CPU.ActiveCfg = Release|Any CPU
		{F9D63E38-B507-94BA-D9A9-5F4D43D6D0F7}.Release|Any CPU.Build.0 = Release|Any CPU
		{BB5D1B5A-7B24-5048-5A81-B97095BB367D}.Debug|Any CPU.ActiveCfg = Debug|Any CPU
		{BB5D1B5A-7B24-5048-5A81-B97095BB367D}.Debug|Any CPU.Build.0 = Debug|Any CPU
		{BB5D1B5A-7B24-5048-5A81-B97095BB367D}.Release|Any CPU.ActiveCfg = Release|Any CPU
		{BB5D1B5A-7B24-5048-5A81-B97095BB367D}.Release|Any CPU.Build.0 = Release|Any CPU
		{31AD4A5B-7E4D-EE6B-5AEE-3A3324CC1717}.Debug|Any CPU.ActiveCfg = Debug|Any CPU
		{31AD4A5B-7E4D-EE6B-5AEE-3A3324CC1717}.Debug|Any CPU.Build.0 = Debug|Any CPU
		{31AD4A5B-7E4D-EE6B-5AEE-3A3324CC1717}.Release|Any CPU.ActiveCfg = Release|Any CPU
		{31AD4A5B-7E4D-EE6B-5AEE-3A3324CC1717}.Release|Any CPU.Build.0 = Release|Any CPU
		{B33AC8BF-7089-99A1-0945-EB451E9A41AB}.Debug|Any CPU.ActiveCfg = Debug|Any CPU
		{B33AC8BF-7089-99A1-0945-EB451E9A41AB}.Debug|Any CPU.Build.0 = Debug|Any CPU
		{B33AC8BF-7089-99A1-0945-EB451E9A41AB}.Release|Any CPU.ActiveCfg = Release|Any CPU
		{B33AC8BF-7089-99A1-0945-EB451E9A41AB}.Release|Any CPU.Build.0 = Release|Any CPU
		{7257B17B-F6B0-5A16-4330-CA5C56772F85}.Debug|Any CPU.ActiveCfg = Debug|Any CPU
		{7257B17B-F6B0-5A16-4330-CA5C56772F85}.Debug|Any CPU.Build.0 = Debug|Any CPU
		{7257B17B-F6B0-5A16-4330-CA5C56772F85}.Release|Any CPU.ActiveCfg = Release|Any CPU
		{7257B17B-F6B0-5A16-4330-CA5C56772F85}.Release|Any CPU.Build.0 = Release|Any CPU
		{5129043B-100F-0ACB-B047-746C09A33AE7}.Debug|Any CPU.ActiveCfg = Debug|Any CPU
		{5129043B-100F-0ACB-B047-746C09A33AE7}.Debug|Any CPU.Build.0 = Debug|Any CPU
		{5129043B-100F-0ACB-B047-746C09A33AE7}.Release|Any CPU.ActiveCfg = Release|Any CPU
		{5129043B-100F-0ACB-B047-746C09A33AE7}.Release|Any CPU.Build.0 = Release|Any CPU
		{3CDD0A9E-6331-0DC1-28AB-E4857D2DB869}.Debug|Any CPU.ActiveCfg = Debug|Any CPU
		{3CDD0A9E-6331-0DC1-28AB-E4857D2DB869}.Debug|Any CPU.Build.0 = Debug|Any CPU
		{3CDD0A9E-6331-0DC1-28AB-E4857D2DB869}.Release|Any CPU.ActiveCfg = Release|Any CPU
		{3CDD0A9E-6331-0DC1-28AB-E4857D2DB869}.Release|Any CPU.Build.0 = Release|Any CPU
		{8641A4A8-DB59-D4B7-8A65-825D8CC1E92B}.Debug|Any CPU.ActiveCfg = Debug|Any CPU
		{8641A4A8-DB59-D4B7-8A65-825D8CC1E92B}.Debug|Any CPU.Build.0 = Debug|Any CPU
		{8641A4A8-DB59-D4B7-8A65-825D8CC1E92B}.Release|Any CPU.ActiveCfg = Release|Any CPU
		{8641A4A8-DB59-D4B7-8A65-825D8CC1E92B}.Release|Any CPU.Build.0 = Release|Any CPU
		{2C175539-0658-7979-6F4B-540281910745}.Debug|Any CPU.ActiveCfg = Debug|Any CPU
		{2C175539-0658-7979-6F4B-540281910745}.Debug|Any CPU.Build.0 = Debug|Any CPU
		{2C175539-0658-7979-6F4B-540281910745}.Release|Any CPU.ActiveCfg = Release|Any CPU
		{2C175539-0658-7979-6F4B-540281910745}.Release|Any CPU.Build.0 = Release|Any CPU
		{B22A7A7D-FCED-855D-E152-A973DE774A30}.Debug|Any CPU.ActiveCfg = Debug|Any CPU
		{B22A7A7D-FCED-855D-E152-A973DE774A30}.Debug|Any CPU.Build.0 = Debug|Any CPU
		{B22A7A7D-FCED-855D-E152-A973DE774A30}.Release|Any CPU.ActiveCfg = Release|Any CPU
		{B22A7A7D-FCED-855D-E152-A973DE774A30}.Release|Any CPU.Build.0 = Release|Any CPU
		{46C649C6-FD37-A163-AA8F-98D5DA8E5AD7}.Debug|Any CPU.ActiveCfg = Debug|Any CPU
		{46C649C6-FD37-A163-AA8F-98D5DA8E5AD7}.Debug|Any CPU.Build.0 = Debug|Any CPU
		{46C649C6-FD37-A163-AA8F-98D5DA8E5AD7}.Release|Any CPU.ActiveCfg = Release|Any CPU
		{46C649C6-FD37-A163-AA8F-98D5DA8E5AD7}.Release|Any CPU.Build.0 = Release|Any CPU
		{A7874853-5BC1-DB3B-A79A-8C940E6EEA39}.Debug|Any CPU.ActiveCfg = Debug|Any CPU
		{A7874853-5BC1-DB3B-A79A-8C940E6EEA39}.Debug|Any CPU.Build.0 = Debug|Any CPU
		{A7874853-5BC1-DB3B-A79A-8C940E6EEA39}.Release|Any CPU.ActiveCfg = Release|Any CPU
		{A7874853-5BC1-DB3B-A79A-8C940E6EEA39}.Release|Any CPU.Build.0 = Release|Any CPU
		{86066BAB-4CB8-6664-B60F-C8888A0E1426}.Debug|Any CPU.ActiveCfg = Debug|Any CPU
		{86066BAB-4CB8-6664-B60F-C8888A0E1426}.Debug|Any CPU.Build.0 = Debug|Any CPU
		{86066BAB-4CB8-6664-B60F-C8888A0E1426}.Release|Any CPU.ActiveCfg = Release|Any CPU
		{86066BAB-4CB8-6664-B60F-C8888A0E1426}.Release|Any CPU.Build.0 = Release|Any CPU
		{05443685-C1BD-0C08-F4CC-9F8158A9AA04}.Debug|Any CPU.ActiveCfg = Debug|Any CPU
		{05443685-C1BD-0C08-F4CC-9F8158A9AA04}.Debug|Any CPU.Build.0 = Debug|Any CPU
		{05443685-C1BD-0C08-F4CC-9F8158A9AA04}.Release|Any CPU.ActiveCfg = Release|Any CPU
		{05443685-C1BD-0C08-F4CC-9F8158A9AA04}.Release|Any CPU.Build.0 = Release|Any CPU
		{C8FDCCD7-CEEF-F63B-6D0F-E9BDCA62B1F6}.Debug|Any CPU.ActiveCfg = Debug|Any CPU
		{C8FDCCD7-CEEF-F63B-6D0F-E9BDCA62B1F6}.Debug|Any CPU.Build.0 = Debug|Any CPU
		{C8FDCCD7-CEEF-F63B-6D0F-E9BDCA62B1F6}.Release|Any CPU.ActiveCfg = Release|Any CPU
		{C8FDCCD7-CEEF-F63B-6D0F-E9BDCA62B1F6}.Release|Any CPU.Build.0 = Release|Any CPU
		{6C3A08E1-DAA1-5DCB-11CE-372C72EB22EB}.Debug|Any CPU.ActiveCfg = Debug|Any CPU
		{6C3A08E1-DAA1-5DCB-11CE-372C72EB22EB}.Debug|Any CPU.Build.0 = Debug|Any CPU
		{6C3A08E1-DAA1-5DCB-11CE-372C72EB22EB}.Release|Any CPU.ActiveCfg = Release|Any CPU
		{6C3A08E1-DAA1-5DCB-11CE-372C72EB22EB}.Release|Any CPU.Build.0 = Release|Any CPU
		{C04D0DEA-92E1-F9C0-9855-250F0E6C0E0A}.Debug|Any CPU.ActiveCfg = Debug|Any CPU
		{C04D0DEA-92E1-F9C0-9855-250F0E6C0E0A}.Debug|Any CPU.Build.0 = Debug|Any CPU
		{C04D0DEA-92E1-F9C0-9855-250F0E6C0E0A}.Release|Any CPU.ActiveCfg = Release|Any CPU
		{C04D0DEA-92E1-F9C0-9855-250F0E6C0E0A}.Release|Any CPU.Build.0 = Release|Any CPU
		{61727E3D-015B-82F7-A06F-7247BF65A8A5}.Debug|Any CPU.ActiveCfg = Debug|Any CPU
		{61727E3D-015B-82F7-A06F-7247BF65A8A5}.Debug|Any CPU.Build.0 = Debug|Any CPU
		{61727E3D-015B-82F7-A06F-7247BF65A8A5}.Release|Any CPU.ActiveCfg = Release|Any CPU
		{61727E3D-015B-82F7-A06F-7247BF65A8A5}.Release|Any CPU.Build.0 = Release|Any CPU
		{BD1BFC05-ED32-2265-D2CF-824FE2B1B9DA}.Debug|Any CPU.ActiveCfg = Debug|Any CPU
		{BD1BFC05-ED32-2265-D2CF-824FE2B1B9DA}.Debug|Any CPU.Build.0 = Debug|Any CPU
		{BD1BFC05-ED32-2265-D2CF-824FE2B1B9DA}.Release|Any CPU.ActiveCfg = Release|Any CPU
		{BD1BFC05-ED32-2265-D2CF-824FE2B1B9DA}.Release|Any CPU.Build.0 = Release|Any CPU
		{2A903969-E887-01B0-BA5F-35D81CA2F3EF}.Debug|Any CPU.ActiveCfg = Debug|Any CPU
		{2A903969-E887-01B0-BA5F-35D81CA2F3EF}.Debug|Any CPU.Build.0 = Debug|Any CPU
		{2A903969-E887-01B0-BA5F-35D81CA2F3EF}.Release|Any CPU.ActiveCfg = Release|Any CPU
		{2A903969-E887-01B0-BA5F-35D81CA2F3EF}.Release|Any CPU.Build.0 = Release|Any CPU
		{C5D693E1-4DD2-7B18-B6A2-D0DC168F2CF0}.Debug|Any CPU.ActiveCfg = Debug|Any CPU
		{C5D693E1-4DD2-7B18-B6A2-D0DC168F2CF0}.Debug|Any CPU.Build.0 = Debug|Any CPU
		{C5D693E1-4DD2-7B18-B6A2-D0DC168F2CF0}.Release|Any CPU.ActiveCfg = Release|Any CPU
		{C5D693E1-4DD2-7B18-B6A2-D0DC168F2CF0}.Release|Any CPU.Build.0 = Release|Any CPU
		{79A13E8F-863E-0D70-A233-AC0A4175A4BA}.Debug|Any CPU.ActiveCfg = Debug|Any CPU
		{79A13E8F-863E-0D70-A233-AC0A4175A4BA}.Debug|Any CPU.Build.0 = Debug|Any CPU
		{79A13E8F-863E-0D70-A233-AC0A4175A4BA}.Release|Any CPU.ActiveCfg = Release|Any CPU
		{79A13E8F-863E-0D70-A233-AC0A4175A4BA}.Release|Any CPU.Build.0 = Release|Any CPU
		{57C508E5-AB8F-56DA-2049-F7A2CC296EBA}.Debug|Any CPU.ActiveCfg = Debug|Any CPU
		{57C508E5-AB8F-56DA-2049-F7A2CC296EBA}.Debug|Any CPU.Build.0 = Debug|Any CPU
		{57C508E5-AB8F-56DA-2049-F7A2CC296EBA}.Release|Any CPU.ActiveCfg = Release|Any CPU
		{57C508E5-AB8F-56DA-2049-F7A2CC296EBA}.Release|Any CPU.Build.0 = Release|Any CPU
		{BA0EE202-6C59-5E0C-4AFF-EFFDDBC9FCC6}.Debug|Any CPU.ActiveCfg = Debug|Any CPU
		{BA0EE202-6C59-5E0C-4AFF-EFFDDBC9FCC6}.Debug|Any CPU.Build.0 = Debug|Any CPU
		{BA0EE202-6C59-5E0C-4AFF-EFFDDBC9FCC6}.Release|Any CPU.ActiveCfg = Release|Any CPU
		{BA0EE202-6C59-5E0C-4AFF-EFFDDBC9FCC6}.Release|Any CPU.Build.0 = Release|Any CPU
		{A647FD08-9D5E-5987-643F-DA6C3C370515}.Debug|Any CPU.ActiveCfg = Debug|Any CPU
		{A647FD08-9D5E-5987-643F-DA6C3C370515}.Debug|Any CPU.Build.0 = Debug|Any CPU
		{A647FD08-9D5E-5987-643F-DA6C3C370515}.Release|Any CPU.ActiveCfg = Release|Any CPU
		{A647FD08-9D5E-5987-643F-DA6C3C370515}.Release|Any CPU.Build.0 = Release|Any CPU
		{2BFD1D95-BDE3-D014-FACA-FC1C0022913C}.Debug|Any CPU.ActiveCfg = Debug|Any CPU
		{2BFD1D95-BDE3-D014-FACA-FC1C0022913C}.Debug|Any CPU.Build.0 = Debug|Any CPU
		{2BFD1D95-BDE3-D014-FACA-FC1C0022913C}.Release|Any CPU.ActiveCfg = Release|Any CPU
		{2BFD1D95-BDE3-D014-FACA-FC1C0022913C}.Release|Any CPU.Build.0 = Release|Any CPU
		{CB494466-0FBD-F9BE-E68C-6F341454755A}.Debug|Any CPU.ActiveCfg = Debug|Any CPU
		{CB494466-0FBD-F9BE-E68C-6F341454755A}.Debug|Any CPU.Build.0 = Debug|Any CPU
		{CB494466-0FBD-F9BE-E68C-6F341454755A}.Release|Any CPU.ActiveCfg = Release|Any CPU
		{CB494466-0FBD-F9BE-E68C-6F341454755A}.Release|Any CPU.Build.0 = Release|Any CPU
		{2F97C5F8-182C-5EB9-51D4-22542D360A41}.Debug|Any CPU.ActiveCfg = Debug|Any CPU
		{2F97C5F8-182C-5EB9-51D4-22542D360A41}.Debug|Any CPU.Build.0 = Debug|Any CPU
		{2F97C5F8-182C-5EB9-51D4-22542D360A41}.Release|Any CPU.ActiveCfg = Release|Any CPU
		{2F97C5F8-182C-5EB9-51D4-22542D360A41}.Release|Any CPU.Build.0 = Release|Any CPU
		{320D5A55-ECAF-4389-99DD-0AF958101F5F}.Debug|Any CPU.ActiveCfg = Debug|Any CPU
		{320D5A55-ECAF-4389-99DD-0AF958101F5F}.Debug|Any CPU.Build.0 = Debug|Any CPU
		{320D5A55-ECAF-4389-99DD-0AF958101F5F}.Release|Any CPU.ActiveCfg = Release|Any CPU
		{320D5A55-ECAF-4389-99DD-0AF958101F5F}.Release|Any CPU.Build.0 = Release|Any CPU
		{BF3742EE-549E-85BD-BD77-A91BD3BE4D8E}.Debug|Any CPU.ActiveCfg = Debug|Any CPU
		{BF3742EE-549E-85BD-BD77-A91BD3BE4D8E}.Debug|Any CPU.Build.0 = Debug|Any CPU
		{BF3742EE-549E-85BD-BD77-A91BD3BE4D8E}.Release|Any CPU.ActiveCfg = Release|Any CPU
		{BF3742EE-549E-85BD-BD77-A91BD3BE4D8E}.Release|Any CPU.Build.0 = Release|Any CPU
		{F98F478F-CF35-0806-1FC2-57C018C66592}.Debug|Any CPU.ActiveCfg = Debug|Any CPU
		{F98F478F-CF35-0806-1FC2-57C018C66592}.Debug|Any CPU.Build.0 = Debug|Any CPU
		{F98F478F-CF35-0806-1FC2-57C018C66592}.Release|Any CPU.ActiveCfg = Release|Any CPU
		{F98F478F-CF35-0806-1FC2-57C018C66592}.Release|Any CPU.Build.0 = Release|Any CPU
		{A2C5BDE5-F2A0-A20D-A2DA-BC417F32B669}.Debug|Any CPU.ActiveCfg = Debug|Any CPU
		{A2C5BDE5-F2A0-A20D-A2DA-BC417F32B669}.Debug|Any CPU.Build.0 = Debug|Any CPU
		{A2C5BDE5-F2A0-A20D-A2DA-BC417F32B669}.Release|Any CPU.ActiveCfg = Release|Any CPU
		{A2C5BDE5-F2A0-A20D-A2DA-BC417F32B669}.Release|Any CPU.Build.0 = Release|Any CPU
		{A7769EC2-F9F8-AA91-9A69-0724A7F39490}.Debug|Any CPU.ActiveCfg = Debug|Any CPU
		{A7769EC2-F9F8-AA91-9A69-0724A7F39490}.Debug|Any CPU.Build.0 = Debug|Any CPU
		{A7769EC2-F9F8-AA91-9A69-0724A7F39490}.Release|Any CPU.ActiveCfg = Release|Any CPU
		{A7769EC2-F9F8-AA91-9A69-0724A7F39490}.Release|Any CPU.Build.0 = Release|Any CPU
		{4E9E0626-1353-DEBA-739B-D589D4CB0EC5}.Debug|Any CPU.ActiveCfg = Debug|Any CPU
		{4E9E0626-1353-DEBA-739B-D589D4CB0EC5}.Debug|Any CPU.Build.0 = Debug|Any CPU
		{4E9E0626-1353-DEBA-739B-D589D4CB0EC5}.Release|Any CPU.ActiveCfg = Release|Any CPU
		{4E9E0626-1353-DEBA-739B-D589D4CB0EC5}.Release|Any CPU.Build.0 = Release|Any CPU
		{F08E88C7-6959-D8F5-9092-F6A414F99CC6}.Debug|Any CPU.ActiveCfg = Debug|Any CPU
		{F08E88C7-6959-D8F5-9092-F6A414F99CC6}.Debug|Any CPU.Build.0 = Debug|Any CPU
		{F08E88C7-6959-D8F5-9092-F6A414F99CC6}.Release|Any CPU.ActiveCfg = Release|Any CPU
		{F08E88C7-6959-D8F5-9092-F6A414F99CC6}.Release|Any CPU.Build.0 = Release|Any CPU
		{7E4401C1-0843-EC6F-B9B1-0100D360D120}.Debug|Any CPU.ActiveCfg = Debug|Any CPU
		{7E4401C1-0843-EC6F-B9B1-0100D360D120}.Debug|Any CPU.Build.0 = Debug|Any CPU
		{7E4401C1-0843-EC6F-B9B1-0100D360D120}.Release|Any CPU.ActiveCfg = Release|Any CPU
		{7E4401C1-0843-EC6F-B9B1-0100D360D120}.Release|Any CPU.Build.0 = Release|Any CPU
		{C346B092-BAA7-EDED-3214-0F811C0C1E4A}.Debug|Any CPU.ActiveCfg = Debug|Any CPU
		{C346B092-BAA7-EDED-3214-0F811C0C1E4A}.Debug|Any CPU.Build.0 = Debug|Any CPU
		{C346B092-BAA7-EDED-3214-0F811C0C1E4A}.Release|Any CPU.ActiveCfg = Release|Any CPU
		{C346B092-BAA7-EDED-3214-0F811C0C1E4A}.Release|Any CPU.Build.0 = Release|Any CPU
		{DDB32EC9-DD19-4EB5-6C1D-47DDEC640912}.Debug|Any CPU.ActiveCfg = Debug|Any CPU
		{DDB32EC9-DD19-4EB5-6C1D-47DDEC640912}.Debug|Any CPU.Build.0 = Debug|Any CPU
		{DDB32EC9-DD19-4EB5-6C1D-47DDEC640912}.Release|Any CPU.ActiveCfg = Release|Any CPU
		{DDB32EC9-DD19-4EB5-6C1D-47DDEC640912}.Release|Any CPU.Build.0 = Release|Any CPU
		{7F2E75A8-639F-C6C6-46CD-ACCAFECED406}.Debug|Any CPU.ActiveCfg = Debug|Any CPU
		{7F2E75A8-639F-C6C6-46CD-ACCAFECED406}.Debug|Any CPU.Build.0 = Debug|Any CPU
		{7F2E75A8-639F-C6C6-46CD-ACCAFECED406}.Release|Any CPU.ActiveCfg = Release|Any CPU
		{7F2E75A8-639F-C6C6-46CD-ACCAFECED406}.Release|Any CPU.Build.0 = Release|Any CPU
		{08DD9420-E2D9-EA59-A2CC-268E9882E857}.Debug|Any CPU.ActiveCfg = Debug|Any CPU
		{08DD9420-E2D9-EA59-A2CC-268E9882E857}.Debug|Any CPU.Build.0 = Debug|Any CPU
		{08DD9420-E2D9-EA59-A2CC-268E9882E857}.Release|Any CPU.ActiveCfg = Release|Any CPU
		{08DD9420-E2D9-EA59-A2CC-268E9882E857}.Release|Any CPU.Build.0 = Release|Any CPU
		{61982CCA-0BBD-7712-DAFE-0391D42EA28A}.Debug|Any CPU.ActiveCfg = Debug|Any CPU
		{61982CCA-0BBD-7712-DAFE-0391D42EA28A}.Debug|Any CPU.Build.0 = Debug|Any CPU
		{61982CCA-0BBD-7712-DAFE-0391D42EA28A}.Release|Any CPU.ActiveCfg = Release|Any CPU
		{61982CCA-0BBD-7712-DAFE-0391D42EA28A}.Release|Any CPU.Build.0 = Release|Any CPU
		{F7AC3ADB-F909-99C7-B69E-74B0183C47DB}.Debug|Any CPU.ActiveCfg = Debug|Any CPU
		{F7AC3ADB-F909-99C7-B69E-74B0183C47DB}.Debug|Any CPU.Build.0 = Debug|Any CPU
		{F7AC3ADB-F909-99C7-B69E-74B0183C47DB}.Release|Any CPU.ActiveCfg = Release|Any CPU
		{F7AC3ADB-F909-99C7-B69E-74B0183C47DB}.Release|Any CPU.Build.0 = Release|Any CPU
		{793D46BB-95FE-4342-A9AE-B2A5BD026577}.Debug|Any CPU.ActiveCfg = Debug|Any CPU
		{793D46BB-95FE-4342-A9AE-B2A5BD026577}.Debug|Any CPU.Build.0 = Debug|Any CPU
		{793D46BB-95FE-4342-A9AE-B2A5BD026577}.Release|Any CPU.ActiveCfg = Release|Any CPU
		{793D46BB-95FE-4342-A9AE-B2A5BD026577}.Release|Any CPU.Build.0 = Release|Any CPU
		{8FD39D66-19E5-B03D-3275-C1B95E98D62A}.Debug|Any CPU.ActiveCfg = Debug|Any CPU
		{8FD39D66-19E5-B03D-3275-C1B95E98D62A}.Debug|Any CPU.Build.0 = Debug|Any CPU
		{8FD39D66-19E5-B03D-3275-C1B95E98D62A}.Release|Any CPU.ActiveCfg = Release|Any CPU
		{8FD39D66-19E5-B03D-3275-C1B95E98D62A}.Release|Any CPU.Build.0 = Release|Any CPU
		{BAAA2825-896E-2AA5-BB3C-D5C2C50F232C}.Debug|Any CPU.ActiveCfg = Debug|Any CPU
		{BAAA2825-896E-2AA5-BB3C-D5C2C50F232C}.Debug|Any CPU.Build.0 = Debug|Any CPU
		{BAAA2825-896E-2AA5-BB3C-D5C2C50F232C}.Release|Any CPU.ActiveCfg = Release|Any CPU
		{BAAA2825-896E-2AA5-BB3C-D5C2C50F232C}.Release|Any CPU.Build.0 = Release|Any CPU
		{FC624132-2B2D-BB9A-62D3-BB15A3FD0426}.Debug|Any CPU.ActiveCfg = Debug|Any CPU
		{FC624132-2B2D-BB9A-62D3-BB15A3FD0426}.Debug|Any CPU.Build.0 = Debug|Any CPU
		{FC624132-2B2D-BB9A-62D3-BB15A3FD0426}.Release|Any CPU.ActiveCfg = Release|Any CPU
		{FC624132-2B2D-BB9A-62D3-BB15A3FD0426}.Release|Any CPU.Build.0 = Release|Any CPU
		{C07B8017-FF97-A2C6-BE4E-8DED499DB8C9}.Debug|Any CPU.ActiveCfg = Debug|Any CPU
		{C07B8017-FF97-A2C6-BE4E-8DED499DB8C9}.Debug|Any CPU.Build.0 = Debug|Any CPU
		{C07B8017-FF97-A2C6-BE4E-8DED499DB8C9}.Release|Any CPU.ActiveCfg = Release|Any CPU
		{C07B8017-FF97-A2C6-BE4E-8DED499DB8C9}.Release|Any CPU.Build.0 = Release|Any CPU
	EndGlobalSection
	GlobalSection(SolutionProperties) = preSolution
		HideSolutionNode = FALSE
	EndGlobalSection
EndGlobal
